
Microsoft Visual Studio Solution File, Format Version 12.00
# Visual Studio Version 16
VisualStudioVersion = 16.0.31019.35
MinimumVisualStudioVersion = 10.0.40219.1
Project("{8BC9CEB8-8B4A-11D0-8D11-00A0C91BC942}") = "mojProjektLab", "mojProjektLab\mojProjektLab.vcxproj", "{B656F755-8FBE-412A-94BF-708FE7D1FDAF}"
EndProject
Global
	GlobalSection(SolutionConfigurationPlatforms) = preSolution
		Debug|x64 = Debug|x64
		Debug|x86 = Debug|x86
		Release|x64 = Release|x64
		Release|x86 = Release|x86
	EndGlobalSection
	GlobalSection(ProjectConfigurationPlatforms) = postSolution
		{B656F755-8FBE-412A-94BF-708FE7D1FDAF}.Debug|x64.ActiveCfg = Debug|x64
		{B656F755-8FBE-412A-94BF-708FE7D1FDAF}.Debug|x64.Build.0 = Debug|x64
		{B656F755-8FBE-412A-94BF-708FE7D1FDAF}.Debug|x86.ActiveCfg = Debug|Win32
		{B656F755-8FBE-412A-94BF-708FE7D1FDAF}.Debug|x86.Build.0 = Debug|Win32
		{B656F755-8FBE-412A-94BF-708FE7D1FDAF}.Release|x64.ActiveCfg = Release|x64
		{B656F755-8FBE-412A-94BF-708FE7D1FDAF}.Release|x64.Build.0 = Release|x64
		{B656F755-8FBE-412A-94BF-708FE7D1FDAF}.Release|x86.ActiveCfg = Release|Win32
		{B656F755-8FBE-412A-94BF-708FE7D1FDAF}.Release|x86.Build.0 = Release|Win32
	EndGlobalSection
	GlobalSection(SolutionProperties) = preSolution
		HideSolutionNode = FALSE
	EndGlobalSection
	GlobalSection(ExtensibilityGlobals) = postSolution
		SolutionGuid = {593C3E42-BED5-40E4-B324-B0D97C054988}
	EndGlobalSection
EndGlobal
